
Microsoft Visual Studio Solution File, Format Version 12.00
# Visual Studio Version 17
VisualStudioVersion = 17.7.34009.444
MinimumVisualStudioVersion = 10.0.40219.1
Project("{FAE04EC0-301F-11D3-BF4B-00C04F79EFBC}") = "Stupid Password", "Stupid Password\Stupid Password.csproj", "{AEBF0071-4B5B-4A59-85BB-984C69051DB0}"
EndProject
Project("{FAE04EC0-301F-11D3-BF4B-00C04F79EFBC}") = "Magic Numbers", "Magic Numbers\Magic Numbers.csproj", "{86E7E0D9-4C65-4076-87B8-BF640C938715}"
EndProject
Project("{FAE04EC0-301F-11D3-BF4B-00C04F79EFBC}") = "Unique PIN Codes", "Unique PIN Codes\Unique PIN Codes.csproj", "{CA577DEC-FCB0-4695-9DE2-E18D3AD3588C}"
EndProject
Global
	GlobalSection(SolutionConfigurationPlatforms) = preSolution
		Debug|Any CPU = Debug|Any CPU
		Release|Any CPU = Release|Any CPU
	EndGlobalSection
	GlobalSection(ProjectConfigurationPlatforms) = postSolution
		{AEBF0071-4B5B-4A59-85BB-984C69051DB0}.Debug|Any CPU.ActiveCfg = Debug|Any CPU
		{AEBF0071-4B5B-4A59-85BB-984C69051DB0}.Debug|Any CPU.Build.0 = Debug|Any CPU
		{AEBF0071-4B5B-4A59-85BB-984C69051DB0}.Release|Any CPU.ActiveCfg = Release|Any CPU
		{AEBF0071-4B5B-4A59-85BB-984C69051DB0}.Release|Any CPU.Build.0 = Release|Any CPU
		{86E7E0D9-4C65-4076-87B8-BF640C938715}.Debug|Any CPU.ActiveCfg = Debug|Any CPU
		{86E7E0D9-4C65-4076-87B8-BF640C938715}.Debug|Any CPU.Build.0 = Debug|Any CPU
		{86E7E0D9-4C65-4076-87B8-BF640C938715}.Release|Any CPU.ActiveCfg = Release|Any CPU
		{86E7E0D9-4C65-4076-87B8-BF640C938715}.Release|Any CPU.Build.0 = Release|Any CPU
		{CA577DEC-FCB0-4695-9DE2-E18D3AD3588C}.Debug|Any CPU.ActiveCfg = Debug|Any CPU
		{CA577DEC-FCB0-4695-9DE2-E18D3AD3588C}.Debug|Any CPU.Build.0 = Debug|Any CPU
		{CA577DEC-FCB0-4695-9DE2-E18D3AD3588C}.Release|Any CPU.ActiveCfg = Release|Any CPU
		{CA577DEC-FCB0-4695-9DE2-E18D3AD3588C}.Release|Any CPU.Build.0 = Release|Any CPU
	EndGlobalSection
	GlobalSection(SolutionProperties) = preSolution
		HideSolutionNode = FALSE
	EndGlobalSection
	GlobalSection(ExtensibilityGlobals) = postSolution
		SolutionGuid = {5116BFF0-13D2-484D-9966-AA2F3A3BF5B1}
	EndGlobalSection
EndGlobal
